// !$*UTF8*$!
{
	archiveVersion = 1;
	classes = {
	};
	objectVersion = 46;
	objects = {

/* Begin PBXBuildFile section */
		35E1C5E5412A9E6ACE633EBA /* Pods_Gaido.framework in Frameworks */ = {isa = PBXBuildFile; fileRef = 5EC351A82D1FB74D7C6BACE5 /* Pods_Gaido.framework */; };
		3B6268D21E74744B00501DF3 /* AppDelegate.swift in Sources */ = {isa = PBXBuildFile; fileRef = 3B6268D11E74744B00501DF3 /* AppDelegate.swift */; };
		3B6268D71E74744B00501DF3 /* Main.storyboard in Resources */ = {isa = PBXBuildFile; fileRef = 3B6268D51E74744B00501DF3 /* Main.storyboard */; };
		3B6268D91E74744B00501DF3 /* Assets.xcassets in Resources */ = {isa = PBXBuildFile; fileRef = 3B6268D81E74744B00501DF3 /* Assets.xcassets */; };
		3B6268DC1E74744B00501DF3 /* LaunchScreen.storyboard in Resources */ = {isa = PBXBuildFile; fileRef = 3B6268DA1E74744B00501DF3 /* LaunchScreen.storyboard */; };
		3B6268E71E74744D00501DF3 /* GaidoTests.swift in Sources */ = {isa = PBXBuildFile; fileRef = 3B6268E61E74744D00501DF3 /* GaidoTests.swift */; };
		3B6268F21E74744D00501DF3 /* GaidoUITests.swift in Sources */ = {isa = PBXBuildFile; fileRef = 3B6268F11E74744D00501DF3 /* GaidoUITests.swift */; };
		3B6269001E7478D000501DF3 /* LoginViewController.swift in Sources */ = {isa = PBXBuildFile; fileRef = 3B6268FF1E7478D000501DF3 /* LoginViewController.swift */; };
		3B6269021E7485E500501DF3 /* CreateAccount1.swift in Sources */ = {isa = PBXBuildFile; fileRef = 3B6269011E7485E500501DF3 /* CreateAccount1.swift */; };
		3BA97CE31E886923001167FC /* HairSelectorVCViewController.swift in Sources */ = {isa = PBXBuildFile; fileRef = 3BA97CE21E886923001167FC /* HairSelectorVCViewController.swift */; };
		3BC18C2D1E74998500BF1DFC /* CreateAccount2.swift in Sources */ = {isa = PBXBuildFile; fileRef = 3BC18C2C1E74998500BF1DFC /* CreateAccount2.swift */; };
		3BC18C301E74A32700BF1DFC /* User.swift in Sources */ = {isa = PBXBuildFile; fileRef = 3BC18C2F1E74A32700BF1DFC /* User.swift */; };
		3BC636431E89788D0061C68A /* GoogleService-Info.plist in Resources */ = {isa = PBXBuildFile; fileRef = 3BC636421E89788D0061C68A /* GoogleService-Info.plist */; };
		3BC636451E897AA60061C68A /* AvatarFinishedViewController.swift in Sources */ = {isa = PBXBuildFile; fileRef = 3BC636441E897AA60061C68A /* AvatarFinishedViewController.swift */; };
		3BC636471E8987760061C68A /* FacebookOrEmailViewController.swift in Sources */ = {isa = PBXBuildFile; fileRef = 3BC636461E8987760061C68A /* FacebookOrEmailViewController.swift */; };
		3BC636491E899DD80061C68A /* ProfileViewController.swift in Sources */ = {isa = PBXBuildFile; fileRef = 3BC636481E899DD80061C68A /* ProfileViewController.swift */; };
		623F41FB8089B357F3776819 /* Pods_GaidoTests.framework in Frameworks */ = {isa = PBXBuildFile; fileRef = ED3F6538D539042313CE360C /* Pods_GaidoTests.framework */; };
		CBA094A757199B829D83133D /* Pods_GaidoUITests.framework in Frameworks */ = {isa = PBXBuildFile; fileRef = A2F893DCFFF081DD4925E8A4 /* Pods_GaidoUITests.framework */; };
/* End PBXBuildFile section */

/* Begin PBXContainerItemProxy section */
		3B6268E31E74744D00501DF3 /* PBXContainerItemProxy */ = {
			isa = PBXContainerItemProxy;
			containerPortal = 3B6268C61E74744B00501DF3 /* Project object */;
			proxyType = 1;
			remoteGlobalIDString = 3B6268CD1E74744B00501DF3;
			remoteInfo = Gaido;
		};
		3B6268EE1E74744D00501DF3 /* PBXContainerItemProxy */ = {
			isa = PBXContainerItemProxy;
			containerPortal = 3B6268C61E74744B00501DF3 /* Project object */;
			proxyType = 1;
			remoteGlobalIDString = 3B6268CD1E74744B00501DF3;
			remoteInfo = Gaido;
		};
/* End PBXContainerItemProxy section */

/* Begin PBXFileReference section */
		2F878CB62FE2EECD4CDCA820 /* Pods-Gaido.release.xcconfig */ = {isa = PBXFileReference; includeInIndex = 1; lastKnownFileType = text.xcconfig; name = "Pods-Gaido.release.xcconfig"; path = "Pods/Target Support Files/Pods-Gaido/Pods-Gaido.release.xcconfig"; sourceTree = "<group>"; };
		3B6268CE1E74744B00501DF3 /* Gaido.app */ = {isa = PBXFileReference; explicitFileType = wrapper.application; includeInIndex = 0; path = Gaido.app; sourceTree = BUILT_PRODUCTS_DIR; };
		3B6268D11E74744B00501DF3 /* AppDelegate.swift */ = {isa = PBXFileReference; lastKnownFileType = sourcecode.swift; path = AppDelegate.swift; sourceTree = "<group>"; };
		3B6268D61E74744B00501DF3 /* Base */ = {isa = PBXFileReference; lastKnownFileType = file.storyboard; name = Base; path = Base.lproj/Main.storyboard; sourceTree = "<group>"; };
		3B6268D81E74744B00501DF3 /* Assets.xcassets */ = {isa = PBXFileReference; lastKnownFileType = folder.assetcatalog; path = Assets.xcassets; sourceTree = "<group>"; };
		3B6268DB1E74744B00501DF3 /* Base */ = {isa = PBXFileReference; lastKnownFileType = file.storyboard; name = Base; path = Base.lproj/LaunchScreen.storyboard; sourceTree = "<group>"; };
		3B6268DD1E74744B00501DF3 /* Info.plist */ = {isa = PBXFileReference; lastKnownFileType = text.plist.xml; path = Info.plist; sourceTree = "<group>"; };
		3B6268E21E74744D00501DF3 /* GaidoTests.xctest */ = {isa = PBXFileReference; explicitFileType = wrapper.cfbundle; includeInIndex = 0; path = GaidoTests.xctest; sourceTree = BUILT_PRODUCTS_DIR; };
		3B6268E61E74744D00501DF3 /* GaidoTests.swift */ = {isa = PBXFileReference; lastKnownFileType = sourcecode.swift; path = GaidoTests.swift; sourceTree = "<group>"; };
		3B6268E81E74744D00501DF3 /* Info.plist */ = {isa = PBXFileReference; lastKnownFileType = text.plist.xml; path = Info.plist; sourceTree = "<group>"; };
		3B6268ED1E74744D00501DF3 /* GaidoUITests.xctest */ = {isa = PBXFileReference; explicitFileType = wrapper.cfbundle; includeInIndex = 0; path = GaidoUITests.xctest; sourceTree = BUILT_PRODUCTS_DIR; };
		3B6268F11E74744D00501DF3 /* GaidoUITests.swift */ = {isa = PBXFileReference; lastKnownFileType = sourcecode.swift; path = GaidoUITests.swift; sourceTree = "<group>"; };
		3B6268F31E74744D00501DF3 /* Info.plist */ = {isa = PBXFileReference; lastKnownFileType = text.plist.xml; path = Info.plist; sourceTree = "<group>"; };
		3B6268FF1E7478D000501DF3 /* LoginViewController.swift */ = {isa = PBXFileReference; fileEncoding = 4; lastKnownFileType = sourcecode.swift; path = LoginViewController.swift; sourceTree = "<group>"; };
		3B6269011E7485E500501DF3 /* CreateAccount1.swift */ = {isa = PBXFileReference; fileEncoding = 4; lastKnownFileType = sourcecode.swift; path = CreateAccount1.swift; sourceTree = "<group>"; };
		3BA97CE21E886923001167FC /* HairSelectorVCViewController.swift */ = {isa = PBXFileReference; fileEncoding = 4; lastKnownFileType = sourcecode.swift; path = HairSelectorVCViewController.swift; sourceTree = "<group>"; };
		3BC18C2C1E74998500BF1DFC /* CreateAccount2.swift */ = {isa = PBXFileReference; fileEncoding = 4; lastKnownFileType = sourcecode.swift; path = CreateAccount2.swift; sourceTree = "<group>"; };
		3BC18C2F1E74A32700BF1DFC /* User.swift */ = {isa = PBXFileReference; fileEncoding = 4; lastKnownFileType = sourcecode.swift; path = User.swift; sourceTree = "<group>"; };
		3BC636421E89788D0061C68A /* GoogleService-Info.plist */ = {isa = PBXFileReference; fileEncoding = 4; lastKnownFileType = text.plist.xml; name = "GoogleService-Info.plist"; path = "../../../../Documents/GoogleService-Info.plist"; sourceTree = "<group>"; };
		3BC636441E897AA60061C68A /* AvatarFinishedViewController.swift */ = {isa = PBXFileReference; fileEncoding = 4; lastKnownFileType = sourcecode.swift; path = AvatarFinishedViewController.swift; sourceTree = "<group>"; };
		3BC636461E8987760061C68A /* FacebookOrEmailViewController.swift */ = {isa = PBXFileReference; fileEncoding = 4; lastKnownFileType = sourcecode.swift; path = FacebookOrEmailViewController.swift; sourceTree = "<group>"; };
		3BC636481E899DD80061C68A /* ProfileViewController.swift */ = {isa = PBXFileReference; fileEncoding = 4; lastKnownFileType = sourcecode.swift; path = ProfileViewController.swift; sourceTree = "<group>"; };
		5E5D85C88FDFCE996F8821C5 /* Pods-GaidoTests.release.xcconfig */ = {isa = PBXFileReference; includeInIndex = 1; lastKnownFileType = text.xcconfig; name = "Pods-GaidoTests.release.xcconfig"; path = "Pods/Target Support Files/Pods-GaidoTests/Pods-GaidoTests.release.xcconfig"; sourceTree = "<group>"; };
		5EC351A82D1FB74D7C6BACE5 /* Pods_Gaido.framework */ = {isa = PBXFileReference; explicitFileType = wrapper.framework; includeInIndex = 0; path = Pods_Gaido.framework; sourceTree = BUILT_PRODUCTS_DIR; };
		A2F893DCFFF081DD4925E8A4 /* Pods_GaidoUITests.framework */ = {isa = PBXFileReference; explicitFileType = wrapper.framework; includeInIndex = 0; path = Pods_GaidoUITests.framework; sourceTree = BUILT_PRODUCTS_DIR; };
		C722450E9170A49D041AAD8D /* Pods-GaidoUITests.debug.xcconfig */ = {isa = PBXFileReference; includeInIndex = 1; lastKnownFileType = text.xcconfig; name = "Pods-GaidoUITests.debug.xcconfig"; path = "Pods/Target Support Files/Pods-GaidoUITests/Pods-GaidoUITests.debug.xcconfig"; sourceTree = "<group>"; };
		D03548593D24432864B1FDED /* Pods-GaidoUITests.release.xcconfig */ = {isa = PBXFileReference; includeInIndex = 1; lastKnownFileType = text.xcconfig; name = "Pods-GaidoUITests.release.xcconfig"; path = "Pods/Target Support Files/Pods-GaidoUITests/Pods-GaidoUITests.release.xcconfig"; sourceTree = "<group>"; };
		E260856ADA37CB2675F37D77 /* Pods-Gaido.debug.xcconfig */ = {isa = PBXFileReference; includeInIndex = 1; lastKnownFileType = text.xcconfig; name = "Pods-Gaido.debug.xcconfig"; path = "Pods/Target Support Files/Pods-Gaido/Pods-Gaido.debug.xcconfig"; sourceTree = "<group>"; };
		ED3F6538D539042313CE360C /* Pods_GaidoTests.framework */ = {isa = PBXFileReference; explicitFileType = wrapper.framework; includeInIndex = 0; path = Pods_GaidoTests.framework; sourceTree = BUILT_PRODUCTS_DIR; };
		F2B5F5F0417755A0DCB05C02 /* Pods-GaidoTests.debug.xcconfig */ = {isa = PBXFileReference; includeInIndex = 1; lastKnownFileType = text.xcconfig; name = "Pods-GaidoTests.debug.xcconfig"; path = "Pods/Target Support Files/Pods-GaidoTests/Pods-GaidoTests.debug.xcconfig"; sourceTree = "<group>"; };
/* End PBXFileReference section */

/* Begin PBXFrameworksBuildPhase section */
		3B6268CB1E74744B00501DF3 /* Frameworks */ = {
			isa = PBXFrameworksBuildPhase;
			buildActionMask = 2147483647;
			files = (
				35E1C5E5412A9E6ACE633EBA /* Pods_Gaido.framework in Frameworks */,
			);
			runOnlyForDeploymentPostprocessing = 0;
		};
		3B6268DF1E74744D00501DF3 /* Frameworks */ = {
			isa = PBXFrameworksBuildPhase;
			buildActionMask = 2147483647;
			files = (
				623F41FB8089B357F3776819 /* Pods_GaidoTests.framework in Frameworks */,
			);
			runOnlyForDeploymentPostprocessing = 0;
		};
		3B6268EA1E74744D00501DF3 /* Frameworks */ = {
			isa = PBXFrameworksBuildPhase;
			buildActionMask = 2147483647;
			files = (
				CBA094A757199B829D83133D /* Pods_GaidoUITests.framework in Frameworks */,
			);
			runOnlyForDeploymentPostprocessing = 0;
		};
/* End PBXFrameworksBuildPhase section */

/* Begin PBXGroup section */
		3B6268C51E74744B00501DF3 = {
			isa = PBXGroup;
			children = (
				3B6268D01E74744B00501DF3 /* Gaido */,
				3B6268E51E74744D00501DF3 /* GaidoTests */,
				3B6268F01E74744D00501DF3 /* GaidoUITests */,
				3B6268CF1E74744B00501DF3 /* Products */,
				3D625D0032177659786A8C7E /* Pods */,
				4B9A5DB60BBB830DF44BE2A9 /* Frameworks */,
			);
			sourceTree = "<group>";
		};
		3B6268CF1E74744B00501DF3 /* Products */ = {
			isa = PBXGroup;
			children = (
				3B6268CE1E74744B00501DF3 /* Gaido.app */,
				3B6268E21E74744D00501DF3 /* GaidoTests.xctest */,
				3B6268ED1E74744D00501DF3 /* GaidoUITests.xctest */,
			);
			name = Products;
			sourceTree = "<group>";
		};
		3B6268D01E74744B00501DF3 /* Gaido */ = {
			isa = PBXGroup;
			children = (
				3BC18C2E1E74A2EF00BF1DFC /* Model */,
				3B6268D11E74744B00501DF3 /* AppDelegate.swift */,
				3B6268FF1E7478D000501DF3 /* LoginViewController.swift */,
				3B6268D51E74744B00501DF3 /* Main.storyboard */,
				3B6268D81E74744B00501DF3 /* Assets.xcassets */,
				3B6268DA1E74744B00501DF3 /* LaunchScreen.storyboard */,
				3B6268DD1E74744B00501DF3 /* Info.plist */,
				3BC636421E89788D0061C68A /* GoogleService-Info.plist */,
				3B6269011E7485E500501DF3 /* CreateAccount1.swift */,
				3BC636461E8987760061C68A /* FacebookOrEmailViewController.swift */,
				3BC18C2C1E74998500BF1DFC /* CreateAccount2.swift */,
				3BA97CE21E886923001167FC /* HairSelectorVCViewController.swift */,
				3BC636441E897AA60061C68A /* AvatarFinishedViewController.swift */,
				3BC636481E899DD80061C68A /* ProfileViewController.swift */,
			);
			path = Gaido;
			sourceTree = "<group>";
		};
		3B6268E51E74744D00501DF3 /* GaidoTests */ = {
			isa = PBXGroup;
			children = (
				3B6268E61E74744D00501DF3 /* GaidoTests.swift */,
				3B6268E81E74744D00501DF3 /* Info.plist */,
			);
			path = GaidoTests;
			sourceTree = "<group>";
		};
		3B6268F01E74744D00501DF3 /* GaidoUITests */ = {
			isa = PBXGroup;
			children = (
				3B6268F11E74744D00501DF3 /* GaidoUITests.swift */,
				3B6268F31E74744D00501DF3 /* Info.plist */,
			);
			path = GaidoUITests;
			sourceTree = "<group>";
		};
		3BC18C2E1E74A2EF00BF1DFC /* Model */ = {
			isa = PBXGroup;
			children = (
				3BC18C2F1E74A32700BF1DFC /* User.swift */,
			);
			name = Model;
			sourceTree = "<group>";
		};
		3D625D0032177659786A8C7E /* Pods */ = {
			isa = PBXGroup;
			children = (
				E260856ADA37CB2675F37D77 /* Pods-Gaido.debug.xcconfig */,
				2F878CB62FE2EECD4CDCA820 /* Pods-Gaido.release.xcconfig */,
				F2B5F5F0417755A0DCB05C02 /* Pods-GaidoTests.debug.xcconfig */,
				5E5D85C88FDFCE996F8821C5 /* Pods-GaidoTests.release.xcconfig */,
				C722450E9170A49D041AAD8D /* Pods-GaidoUITests.debug.xcconfig */,
				D03548593D24432864B1FDED /* Pods-GaidoUITests.release.xcconfig */,
			);
			name = Pods;
			sourceTree = "<group>";
		};
		4B9A5DB60BBB830DF44BE2A9 /* Frameworks */ = {
			isa = PBXGroup;
			children = (
				5EC351A82D1FB74D7C6BACE5 /* Pods_Gaido.framework */,
				ED3F6538D539042313CE360C /* Pods_GaidoTests.framework */,
				A2F893DCFFF081DD4925E8A4 /* Pods_GaidoUITests.framework */,
			);
			name = Frameworks;
			sourceTree = "<group>";
		};
/* End PBXGroup section */

/* Begin PBXNativeTarget section */
		3B6268CD1E74744B00501DF3 /* Gaido */ = {
			isa = PBXNativeTarget;
			buildConfigurationList = 3B6268F61E74744D00501DF3 /* Build configuration list for PBXNativeTarget "Gaido" */;
			buildPhases = (
				339E1861D10B2116A8685965 /* [CP] Check Pods Manifest.lock */,
				3B6268CA1E74744B00501DF3 /* Sources */,
				3B6268CB1E74744B00501DF3 /* Frameworks */,
				3B6268CC1E74744B00501DF3 /* Resources */,
				753B46531975AAB7496DFCBC /* [CP] Embed Pods Frameworks */,
				EA40D01711145802335BA20D /* [CP] Copy Pods Resources */,
			);
			buildRules = (
			);
			dependencies = (
			);
			name = Gaido;
			productName = Gaido;
			productReference = 3B6268CE1E74744B00501DF3 /* Gaido.app */;
			productType = "com.apple.product-type.application";
		};
		3B6268E11E74744D00501DF3 /* GaidoTests */ = {
			isa = PBXNativeTarget;
			buildConfigurationList = 3B6268F91E74744D00501DF3 /* Build configuration list for PBXNativeTarget "GaidoTests" */;
			buildPhases = (
				65BE82B997031CD7FDC42B8A /* [CP] Check Pods Manifest.lock */,
				3B6268DE1E74744D00501DF3 /* Sources */,
				3B6268DF1E74744D00501DF3 /* Frameworks */,
				3B6268E01E74744D00501DF3 /* Resources */,
				3B9167A4BB6A20B665A4D683 /* [CP] Embed Pods Frameworks */,
				1EC8DB720D10208235E3BA32 /* [CP] Copy Pods Resources */,
			);
			buildRules = (
			);
			dependencies = (
				3B6268E41E74744D00501DF3 /* PBXTargetDependency */,
			);
			name = GaidoTests;
			productName = GaidoTests;
			productReference = 3B6268E21E74744D00501DF3 /* GaidoTests.xctest */;
			productType = "com.apple.product-type.bundle.unit-test";
		};
		3B6268EC1E74744D00501DF3 /* GaidoUITests */ = {
			isa = PBXNativeTarget;
			buildConfigurationList = 3B6268FC1E74744D00501DF3 /* Build configuration list for PBXNativeTarget "GaidoUITests" */;
			buildPhases = (
				D75532520C992D44C050A8DD /* [CP] Check Pods Manifest.lock */,
				3B6268E91E74744D00501DF3 /* Sources */,
				3B6268EA1E74744D00501DF3 /* Frameworks */,
				3B6268EB1E74744D00501DF3 /* Resources */,
				4F1BAD457C51A939E2F6C213 /* [CP] Embed Pods Frameworks */,
				C0AD26CF1EBB4E86FF28E5D2 /* [CP] Copy Pods Resources */,
			);
			buildRules = (
			);
			dependencies = (
				3B6268EF1E74744D00501DF3 /* PBXTargetDependency */,
			);
			name = GaidoUITests;
			productName = GaidoUITests;
			productReference = 3B6268ED1E74744D00501DF3 /* GaidoUITests.xctest */;
			productType = "com.apple.product-type.bundle.ui-testing";
		};
/* End PBXNativeTarget section */

/* Begin PBXProject section */
		3B6268C61E74744B00501DF3 /* Project object */ = {
			isa = PBXProject;
			attributes = {
				LastSwiftUpdateCheck = 0820;
				LastUpgradeCheck = 0820;
				ORGANIZATIONNAME = "Thomas Threlkeld";
				TargetAttributes = {
					3B6268CD1E74744B00501DF3 = {
						CreatedOnToolsVersion = 8.2.1;
						DevelopmentTeam = 55D7278478;
						ProvisioningStyle = Automatic;
					};
					3B6268E11E74744D00501DF3 = {
						CreatedOnToolsVersion = 8.2.1;
						DevelopmentTeam = 55D7278478;
						ProvisioningStyle = Automatic;
						TestTargetID = 3B6268CD1E74744B00501DF3;
					};
					3B6268EC1E74744D00501DF3 = {
						CreatedOnToolsVersion = 8.2.1;
						DevelopmentTeam = 55D7278478;
						ProvisioningStyle = Automatic;
						TestTargetID = 3B6268CD1E74744B00501DF3;
					};
				};
			};
			buildConfigurationList = 3B6268C91E74744B00501DF3 /* Build configuration list for PBXProject "Gaido" */;
			compatibilityVersion = "Xcode 3.2";
			developmentRegion = English;
			hasScannedForEncodings = 0;
			knownRegions = (
				en,
				Base,
			);
			mainGroup = 3B6268C51E74744B00501DF3;
			productRefGroup = 3B6268CF1E74744B00501DF3 /* Products */;
			projectDirPath = "";
			projectRoot = "";
			targets = (
				3B6268CD1E74744B00501DF3 /* Gaido */,
				3B6268E11E74744D00501DF3 /* GaidoTests */,
				3B6268EC1E74744D00501DF3 /* GaidoUITests */,
			);
		};
/* End PBXProject section */

/* Begin PBXResourcesBuildPhase section */
		3B6268CC1E74744B00501DF3 /* Resources */ = {
			isa = PBXResourcesBuildPhase;
			buildActionMask = 2147483647;
			files = (
				3B6268DC1E74744B00501DF3 /* LaunchScreen.storyboard in Resources */,
				3B6268D91E74744B00501DF3 /* Assets.xcassets in Resources */,
				3BC636431E89788D0061C68A /* GoogleService-Info.plist in Resources */,
				3B6268D71E74744B00501DF3 /* Main.storyboard in Resources */,
			);
			runOnlyForDeploymentPostprocessing = 0;
		};
		3B6268E01E74744D00501DF3 /* Resources */ = {
			isa = PBXResourcesBuildPhase;
			buildActionMask = 2147483647;
			files = (
			);
			runOnlyForDeploymentPostprocessing = 0;
		};
		3B6268EB1E74744D00501DF3 /* Resources */ = {
			isa = PBXResourcesBuildPhase;
			buildActionMask = 2147483647;
			files = (
			);
			runOnlyForDeploymentPostprocessing = 0;
		};
/* End PBXResourcesBuildPhase section */

/* Begin PBXShellScriptBuildPhase section */
		1EC8DB720D10208235E3BA32 /* [CP] Copy Pods Resources */ = {
			isa = PBXShellScriptBuildPhase;
			buildActionMask = 2147483647;
			files = (
			);
			inputPaths = (
			);
			name = "[CP] Copy Pods Resources";
			outputPaths = (
			);
			runOnlyForDeploymentPostprocessing = 0;
			shellPath = /bin/sh;
			shellScript = "\"${SRCROOT}/Pods/Target Support Files/Pods-GaidoTests/Pods-GaidoTests-resources.sh\"\n";
			showEnvVarsInLog = 0;
		};
		339E1861D10B2116A8685965 /* [CP] Check Pods Manifest.lock */ = {
			isa = PBXShellScriptBuildPhase;
			buildActionMask = 2147483647;
			files = (
			);
			inputPaths = (
			);
			name = "[CP] Check Pods Manifest.lock";
			outputPaths = (
			);
			runOnlyForDeploymentPostprocessing = 0;
			shellPath = /bin/sh;
			shellScript = "diff \"${PODS_ROOT}/../Podfile.lock\" \"${PODS_ROOT}/Manifest.lock\" > /dev/null\nif [ $? != 0 ] ; then\n    # print error to STDERR\n    echo \"error: The sandbox is not in sync with the Podfile.lock. Run 'pod install' or update your CocoaPods installation.\" >&2\n    exit 1\nfi\n";
			showEnvVarsInLog = 0;
		};
		3B9167A4BB6A20B665A4D683 /* [CP] Embed Pods Frameworks */ = {
			isa = PBXShellScriptBuildPhase;
			buildActionMask = 2147483647;
			files = (
			);
			inputPaths = (
			);
			name = "[CP] Embed Pods Frameworks";
			outputPaths = (
			);
			runOnlyForDeploymentPostprocessing = 0;
			shellPath = /bin/sh;
			shellScript = "\"${SRCROOT}/Pods/Target Support Files/Pods-GaidoTests/Pods-GaidoTests-frameworks.sh\"\n";
			showEnvVarsInLog = 0;
		};
		4F1BAD457C51A939E2F6C213 /* [CP] Embed Pods Frameworks */ = {
			isa = PBXShellScriptBuildPhase;
			buildActionMask = 2147483647;
			files = (
			);
			inputPaths = (
			);
			name = "[CP] Embed Pods Frameworks";
			outputPaths = (
			);
			runOnlyForDeploymentPostprocessing = 0;
			shellPath = /bin/sh;
			shellScript = "\"${SRCROOT}/Pods/Target Support Files/Pods-GaidoUITests/Pods-GaidoUITests-frameworks.sh\"\n";
			showEnvVarsInLog = 0;
		};
		65BE82B997031CD7FDC42B8A /* [CP] Check Pods Manifest.lock */ = {
			isa = PBXShellScriptBuildPhase;
			buildActionMask = 2147483647;
			files = (
			);
			inputPaths = (
			);
			name = "[CP] Check Pods Manifest.lock";
			outputPaths = (
			);
			runOnlyForDeploymentPostprocessing = 0;
			shellPath = /bin/sh;
			shellScript = "diff \"${PODS_ROOT}/../Podfile.lock\" \"${PODS_ROOT}/Manifest.lock\" > /dev/null\nif [ $? != 0 ] ; then\n    # print error to STDERR\n    echo \"error: The sandbox is not in sync with the Podfile.lock. Run 'pod install' or update your CocoaPods installation.\" >&2\n    exit 1\nfi\n";
			showEnvVarsInLog = 0;
		};
		753B46531975AAB7496DFCBC /* [CP] Embed Pods Frameworks */ = {
			isa = PBXShellScriptBuildPhase;
			buildActionMask = 2147483647;
			files = (
			);
			inputPaths = (
			);
			name = "[CP] Embed Pods Frameworks";
			outputPaths = (
			);
			runOnlyForDeploymentPostprocessing = 0;
			shellPath = /bin/sh;
			shellScript = "\"${SRCROOT}/Pods/Target Support Files/Pods-Gaido/Pods-Gaido-frameworks.sh\"\n";
			showEnvVarsInLog = 0;
		};
		C0AD26CF1EBB4E86FF28E5D2 /* [CP] Copy Pods Resources */ = {
			isa = PBXShellScriptBuildPhase;
			buildActionMask = 2147483647;
			files = (
			);
			inputPaths = (
			);
			name = "[CP] Copy Pods Resources";
			outputPaths = (
			);
			runOnlyForDeploymentPostprocessing = 0;
			shellPath = /bin/sh;
			shellScript = "\"${SRCROOT}/Pods/Target Support Files/Pods-GaidoUITests/Pods-GaidoUITests-resources.sh\"\n";
			showEnvVarsInLog = 0;
		};
		D75532520C992D44C050A8DD /* [CP] Check Pods Manifest.lock */ = {
			isa = PBXShellScriptBuildPhase;
			buildActionMask = 2147483647;
			files = (
			);
			inputPaths = (
			);
			name = "[CP] Check Pods Manifest.lock";
			outputPaths = (
			);
			runOnlyForDeploymentPostprocessing = 0;
			shellPath = /bin/sh;
			shellScript = "diff \"${PODS_ROOT}/../Podfile.lock\" \"${PODS_ROOT}/Manifest.lock\" > /dev/null\nif [ $? != 0 ] ; then\n    # print error to STDERR\n    echo \"error: The sandbox is not in sync with the Podfile.lock. Run 'pod install' or update your CocoaPods installation.\" >&2\n    exit 1\nfi\n";
			showEnvVarsInLog = 0;
		};
		EA40D01711145802335BA20D /* [CP] Copy Pods Resources */ = {
			isa = PBXShellScriptBuildPhase;
			buildActionMask = 2147483647;
			files = (
			);
			inputPaths = (
			);
			name = "[CP] Copy Pods Resources";
			outputPaths = (
			);
			runOnlyForDeploymentPostprocessing = 0;
			shellPath = /bin/sh;
			shellScript = "\"${SRCROOT}/Pods/Target Support Files/Pods-Gaido/Pods-Gaido-resources.sh\"\n";
			showEnvVarsInLog = 0;
		};
/* End PBXShellScriptBuildPhase section */

/* Begin PBXSourcesBuildPhase section */
		3B6268CA1E74744B00501DF3 /* Sources */ = {
			isa = PBXSourcesBuildPhase;
			buildActionMask = 2147483647;
			files = (
				3BA97CE31E886923001167FC /* HairSelectorVCViewController.swift in Sources */,
				3B6269021E7485E500501DF3 /* CreateAccount1.swift in Sources */,
				3BC636451E897AA60061C68A /* AvatarFinishedViewController.swift in Sources */,
				3BC636471E8987760061C68A /* FacebookOrEmailViewController.swift in Sources */,
				3B6269001E7478D000501DF3 /* LoginViewController.swift in Sources */,
				3BC18C2D1E74998500BF1DFC /* CreateAccount2.swift in Sources */,
				3BC636491E899DD80061C68A /* ProfileViewController.swift in Sources */,
				3BC18C301E74A32700BF1DFC /* User.swift in Sources */,
				3B6268D21E74744B00501DF3 /* AppDelegate.swift in Sources */,
			);
			runOnlyForDeploymentPostprocessing = 0;
		};
		3B6268DE1E74744D00501DF3 /* Sources */ = {
			isa = PBXSourcesBuildPhase;
			buildActionMask = 2147483647;
			files = (
				3B6268E71E74744D00501DF3 /* GaidoTests.swift in Sources */,
			);
			runOnlyForDeploymentPostprocessing = 0;
		};
		3B6268E91E74744D00501DF3 /* Sources */ = {
			isa = PBXSourcesBuildPhase;
			buildActionMask = 2147483647;
			files = (
				3B6268F21E74744D00501DF3 /* GaidoUITests.swift in Sources */,
			);
			runOnlyForDeploymentPostprocessing = 0;
		};
/* End PBXSourcesBuildPhase section */

/* Begin PBXTargetDependency section */
		3B6268E41E74744D00501DF3 /* PBXTargetDependency */ = {
			isa = PBXTargetDependency;
			target = 3B6268CD1E74744B00501DF3 /* Gaido */;
			targetProxy = 3B6268E31E74744D00501DF3 /* PBXContainerItemProxy */;
		};
		3B6268EF1E74744D00501DF3 /* PBXTargetDependency */ = {
			isa = PBXTargetDependency;
			target = 3B6268CD1E74744B00501DF3 /* Gaido */;
			targetProxy = 3B6268EE1E74744D00501DF3 /* PBXContainerItemProxy */;
		};
/* End PBXTargetDependency section */

/* Begin PBXVariantGroup section */
		3B6268D51E74744B00501DF3 /* Main.storyboard */ = {
			isa = PBXVariantGroup;
			children = (
				3B6268D61E74744B00501DF3 /* Base */,
			);
			name = Main.storyboard;
			sourceTree = "<group>";
		};
		3B6268DA1E74744B00501DF3 /* LaunchScreen.storyboard */ = {
			isa = PBXVariantGroup;
			children = (
				3B6268DB1E74744B00501DF3 /* Base */,
			);
			name = LaunchScreen.storyboard;
			sourceTree = "<group>";
		};
/* End PBXVariantGroup section */

/* Begin XCBuildConfiguration section */
		3B6268F41E74744D00501DF3 /* Debug */ = {
			isa = XCBuildConfiguration;
			buildSettings = {
				ALWAYS_SEARCH_USER_PATHS = NO;
				CLANG_ANALYZER_NONNULL = YES;
				CLANG_CXX_LANGUAGE_STANDARD = "gnu++0x";
				CLANG_CXX_LIBRARY = "libc++";
				CLANG_ENABLE_MODULES = YES;
				CLANG_ENABLE_OBJC_ARC = YES;
				CLANG_WARN_BOOL_CONVERSION = YES;
				CLANG_WARN_CONSTANT_CONVERSION = YES;
				CLANG_WARN_DIRECT_OBJC_ISA_USAGE = YES_ERROR;
				CLANG_WARN_DOCUMENTATION_COMMENTS = YES;
				CLANG_WARN_EMPTY_BODY = YES;
				CLANG_WARN_ENUM_CONVERSION = YES;
				CLANG_WARN_INFINITE_RECURSION = YES;
				CLANG_WARN_INT_CONVERSION = YES;
				CLANG_WARN_OBJC_ROOT_CLASS = YES_ERROR;
				CLANG_WARN_SUSPICIOUS_MOVE = YES;
				CLANG_WARN_UNREACHABLE_CODE = YES;
				CLANG_WARN__DUPLICATE_METHOD_MATCH = YES;
				"CODE_SIGN_IDENTITY[sdk=iphoneos*]" = "iPhone Developer";
				COPY_PHASE_STRIP = NO;
				DEBUG_INFORMATION_FORMAT = dwarf;
				ENABLE_STRICT_OBJC_MSGSEND = YES;
				ENABLE_TESTABILITY = YES;
				GCC_C_LANGUAGE_STANDARD = gnu99;
				GCC_DYNAMIC_NO_PIC = NO;
				GCC_NO_COMMON_BLOCKS = YES;
				GCC_OPTIMIZATION_LEVEL = 0;
				GCC_PREPROCESSOR_DEFINITIONS = (
					"DEBUG=1",
					"$(inherited)",
				);
				GCC_WARN_64_TO_32_BIT_CONVERSION = YES;
				GCC_WARN_ABOUT_RETURN_TYPE = YES_ERROR;
				GCC_WARN_UNDECLARED_SELECTOR = YES;
				GCC_WARN_UNINITIALIZED_AUTOS = YES_AGGRESSIVE;
				GCC_WARN_UNUSED_FUNCTION = YES;
				GCC_WARN_UNUSED_VARIABLE = YES;
				IPHONEOS_DEPLOYMENT_TARGET = 10.2;
				MTL_ENABLE_DEBUG_INFO = YES;
				ONLY_ACTIVE_ARCH = YES;
				SDKROOT = iphoneos;
				SWIFT_ACTIVE_COMPILATION_CONDITIONS = DEBUG;
				SWIFT_OPTIMIZATION_LEVEL = "-Onone";
				TARGETED_DEVICE_FAMILY = "1,2";
			};
			name = Debug;
		};
		3B6268F51E74744D00501DF3 /* Release */ = {
			isa = XCBuildConfiguration;
			buildSettings = {
				ALWAYS_SEARCH_USER_PATHS = NO;
				CLANG_ANALYZER_NONNULL = YES;
				CLANG_CXX_LANGUAGE_STANDARD = "gnu++0x";
				CLANG_CXX_LIBRARY = "libc++";
				CLANG_ENABLE_MODULES = YES;
				CLANG_ENABLE_OBJC_ARC = YES;
				CLANG_WARN_BOOL_CONVERSION = YES;
				CLANG_WARN_CONSTANT_CONVERSION = YES;
				CLANG_WARN_DIRECT_OBJC_ISA_USAGE = YES_ERROR;
				CLANG_WARN_DOCUMENTATION_COMMENTS = YES;
				CLANG_WARN_EMPTY_BODY = YES;
				CLANG_WARN_ENUM_CONVERSION = YES;
				CLANG_WARN_INFINITE_RECURSION = YES;
				CLANG_WARN_INT_CONVERSION = YES;
				CLANG_WARN_OBJC_ROOT_CLASS = YES_ERROR;
				CLANG_WARN_SUSPICIOUS_MOVE = YES;
				CLANG_WARN_UNREACHABLE_CODE = YES;
				CLANG_WARN__DUPLICATE_METHOD_MATCH = YES;
				"CODE_SIGN_IDENTITY[sdk=iphoneos*]" = "iPhone Developer";
				COPY_PHASE_STRIP = NO;
				DEBUG_INFORMATION_FORMAT = "dwarf-with-dsym";
				ENABLE_NS_ASSERTIONS = NO;
				ENABLE_STRICT_OBJC_MSGSEND = YES;
				GCC_C_LANGUAGE_STANDARD = gnu99;
				GCC_NO_COMMON_BLOCKS = YES;
				GCC_WARN_64_TO_32_BIT_CONVERSION = YES;
				GCC_WARN_ABOUT_RETURN_TYPE = YES_ERROR;
				GCC_WARN_UNDECLARED_SELECTOR = YES;
				GCC_WARN_UNINITIALIZED_AUTOS = YES_AGGRESSIVE;
				GCC_WARN_UNUSED_FUNCTION = YES;
				GCC_WARN_UNUSED_VARIABLE = YES;
				IPHONEOS_DEPLOYMENT_TARGET = 10.2;
				MTL_ENABLE_DEBUG_INFO = NO;
				SDKROOT = iphoneos;
				SWIFT_OPTIMIZATION_LEVEL = "-Owholemodule";
				TARGETED_DEVICE_FAMILY = "1,2";
				VALIDATE_PRODUCT = YES;
			};
			name = Release;
		};
		3B6268F71E74744D00501DF3 /* Debug */ = {
			isa = XCBuildConfiguration;
			baseConfigurationReference = E260856ADA37CB2675F37D77 /* Pods-Gaido.debug.xcconfig */;
			buildSettings = {
				ASSETCATALOG_COMPILER_APPICON_NAME = AppIcon;
				ASSETCATALOG_COMPILER_LAUNCHIMAGE_NAME = LaunchImage;
				DEVELOPMENT_TEAM = 55D7278478;
				INFOPLIST_FILE = Gaido/Info.plist;
				LD_RUNPATH_SEARCH_PATHS = "$(inherited) @executable_path/Frameworks";
				PRODUCT_BUNDLE_IDENTIFIER = com.shitapps.Gaido;
				PRODUCT_NAME = "$(TARGET_NAME)";
				SWIFT_VERSION = 3.0;
			};
			name = Debug;
		};
		3B6268F81E74744D00501DF3 /* Release */ = {
			isa = XCBuildConfiguration;
			baseConfigurationReference = 2F878CB62FE2EECD4CDCA820 /* Pods-Gaido.release.xcconfig */;
			buildSettings = {
				ASSETCATALOG_COMPILER_APPICON_NAME = AppIcon;
				ASSETCATALOG_COMPILER_LAUNCHIMAGE_NAME = LaunchImage;
				DEVELOPMENT_TEAM = 55D7278478;
				INFOPLIST_FILE = Gaido/Info.plist;
				LD_RUNPATH_SEARCH_PATHS = "$(inherited) @executable_path/Frameworks";
				PRODUCT_BUNDLE_IDENTIFIER = com.shitapps.Gaido;
				PRODUCT_NAME = "$(TARGET_NAME)";
				SWIFT_VERSION = 3.0;
			};
			name = Release;
		};
		3B6268FA1E74744D00501DF3 /* Debug */ = {
			isa = XCBuildConfiguration;
			baseConfigurationReference = F2B5F5F0417755A0DCB05C02 /* Pods-GaidoTests.debug.xcconfig */;
			buildSettings = {
				ALWAYS_EMBED_SWIFT_STANDARD_LIBRARIES = YES;
				BUNDLE_LOADER = "$(TEST_HOST)";
				DEVELOPMENT_TEAM = 55D7278478;
				INFOPLIST_FILE = GaidoTests/Info.plist;
				LD_RUNPATH_SEARCH_PATHS = "$(inherited) @executable_path/Frameworks @loader_path/Frameworks";
				PRODUCT_BUNDLE_IDENTIFIER = com.shitapps.GaidoTests;
				PRODUCT_NAME = "$(TARGET_NAME)";
				SWIFT_VERSION = 3.0;
				TEST_HOST = "$(BUILT_PRODUCTS_DIR)/Gaido.app/Gaido";
			};
			name = Debug;
		};
		3B6268FB1E74744D00501DF3 /* Release */ = {
			isa = XCBuildConfiguration;
			baseConfigurationReference = 5E5D85C88FDFCE996F8821C5 /* Pods-GaidoTests.release.xcconfig */;
			buildSettings = {
				ALWAYS_EMBED_SWIFT_STANDARD_LIBRARIES = YES;
				BUNDLE_LOADER = "$(TEST_HOST)";
				DEVELOPMENT_TEAM = 55D7278478;
				INFOPLIST_FILE = GaidoTests/Info.plist;
				LD_RUNPATH_SEARCH_PATHS = "$(inherited) @executable_path/Frameworks @loader_path/Frameworks";
				PRODUCT_BUNDLE_IDENTIFIER = com.shitapps.GaidoTests;
				PRODUCT_NAME = "$(TARGET_NAME)";
				SWIFT_VERSION = 3.0;
				TEST_HOST = "$(BUILT_PRODUCTS_DIR)/Gaido.app/Gaido";
			};
			name = Release;
		};
		3B6268FD1E74744D00501DF3 /* Debug */ = {
			isa = XCBuildConfiguration;
			baseConfigurationReference = C722450E9170A49D041AAD8D /* Pods-GaidoUITests.debug.xcconfig */;
			buildSettings = {
				ALWAYS_EMBED_SWIFT_STANDARD_LIBRARIES = YES;
				DEVELOPMENT_TEAM = 55D7278478;
				INFOPLIST_FILE = GaidoUITests/Info.plist;
				LD_RUNPATH_SEARCH_PATHS = "$(inherited) @executable_path/Frameworks @loader_path/Frameworks";
				PRODUCT_BUNDLE_IDENTIFIER = com.shitapps.GaidoUITests;
				PRODUCT_NAME = "$(TARGET_NAME)";
				SWIFT_VERSION = 3.0;
				TEST_TARGET_NAME = Gaido;
			};
			name = Debug;
		};
		3B6268FE1E74744D00501DF3 /* Release */ = {
			isa = XCBuildConfiguration;
			baseConfigurationReference = D03548593D24432864B1FDED /* Pods-GaidoUITests.release.xcconfig */;
			buildSettings = {
				ALWAYS_EMBED_SWIFT_STANDARD_LIBRARIES = YES;
				DEVELOPMENT_TEAM = 55D7278478;
				INFOPLIST_FILE = GaidoUITests/Info.plist;
				LD_RUNPATH_SEARCH_PATHS = "$(inherited) @executable_path/Frameworks @loader_path/Frameworks";
				PRODUCT_BUNDLE_IDENTIFIER = com.shitapps.GaidoUITests;
				PRODUCT_NAME = "$(TARGET_NAME)";
				SWIFT_VERSION = 3.0;
				TEST_TARGET_NAME = Gaido;
			};
			name = Release;
		};
/* End XCBuildConfiguration section */

/* Begin XCConfigurationList section */
		3B6268C91E74744B00501DF3 /* Build configuration list for PBXProject "Gaido" */ = {
			isa = XCConfigurationList;
			buildConfigurations = (
				3B6268F41E74744D00501DF3 /* Debug */,
				3B6268F51E74744D00501DF3 /* Release */,
			);
			defaultConfigurationIsVisible = 0;
			defaultConfigurationName = Release;
		};
		3B6268F61E74744D00501DF3 /* Build configuration list for PBXNativeTarget "Gaido" */ = {
			isa = XCConfigurationList;
			buildConfigurations = (
				3B6268F71E74744D00501DF3 /* Debug */,
				3B6268F81E74744D00501DF3 /* Release */,
			);
			defaultConfigurationIsVisible = 0;
			defaultConfigurationName = Release;
		};
		3B6268F91E74744D00501DF3 /* Build configuration list for PBXNativeTarget "GaidoTests" */ = {
			isa = XCConfigurationList;
			buildConfigurations = (
				3B6268FA1E74744D00501DF3 /* Debug */,
				3B6268FB1E74744D00501DF3 /* Release */,
			);
			defaultConfigurationIsVisible = 0;
			defaultConfigurationName = Release;
		};
		3B6268FC1E74744D00501DF3 /* Build configuration list for PBXNativeTarget "GaidoUITests" */ = {
			isa = XCConfigurationList;
			buildConfigurations = (
				3B6268FD1E74744D00501DF3 /* Debug */,
				3B6268FE1E74744D00501DF3 /* Release */,
			);
			defaultConfigurationIsVisible = 0;
			defaultConfigurationName = Release;
		};
/* End XCConfigurationList section */
	};
	rootObject = 3B6268C61E74744B00501DF3 /* Project object */;
}
